
Microsoft Visual Studio Solution File, Format Version 12.00
# Visual Studio Version 16
VisualStudioVersion = 16.0.32126.315
MinimumVisualStudioVersion = 10.0.40219.1
Project("{FAE04EC0-301F-11D3-BF4B-00C04F79EFBC}") = "OrderSystemUI", "OrderSystemUI\OrderSystemUI.csproj", "{11D1D9DB-169A-4FBA-BF3D-5E2DD688FE94}"
EndProject
Project("{9A19103F-16F7-4668-BE54-9A1E7A4F7556}") = "OrderSystemLibrary", "OrderSystemLibrary\OrderSystemLibrary.csproj", "{44B9538A-FD71-4C5D-96C6-C983D1A8B2CB}"
EndProject
Global
	GlobalSection(SolutionConfigurationPlatforms) = preSolution
		Debug|Any CPU = Debug|Any CPU
		Release|Any CPU = Release|Any CPU
	EndGlobalSection
	GlobalSection(ProjectConfigurationPlatforms) = postSolution
		{11D1D9DB-169A-4FBA-BF3D-5E2DD688FE94}.Debug|Any CPU.ActiveCfg = Debug|Any CPU
		{11D1D9DB-169A-4FBA-BF3D-5E2DD688FE94}.Debug|Any CPU.Build.0 = Debug|Any CPU
		{11D1D9DB-169A-4FBA-BF3D-5E2DD688FE94}.Release|Any CPU.ActiveCfg = Release|Any CPU
		{11D1D9DB-169A-4FBA-BF3D-5E2DD688FE94}.Release|Any CPU.Build.0 = Release|Any CPU
		{44B9538A-FD71-4C5D-96C6-C983D1A8B2CB}.Debug|Any CPU.ActiveCfg = Debug|Any CPU
		{44B9538A-FD71-4C5D-96C6-C983D1A8B2CB}.Debug|Any CPU.Build.0 = Debug|Any CPU
		{44B9538A-FD71-4C5D-96C6-C983D1A8B2CB}.Release|Any CPU.ActiveCfg = Release|Any CPU
		{44B9538A-FD71-4C5D-96C6-C983D1A8B2CB}.Release|Any CPU.Build.0 = Release|Any CPU
	EndGlobalSection
	GlobalSection(SolutionProperties) = preSolution
		HideSolutionNode = FALSE
	EndGlobalSection
	GlobalSection(ExtensibilityGlobals) = postSolution
		SolutionGuid = {FEDE3BB5-B6D9-47D9-A2ED-A7FC1DA4DE87}
	EndGlobalSection
EndGlobal
