
Microsoft Visual Studio Solution File, Format Version 12.00
# Visual Studio Version 16
VisualStudioVersion = 16.0.32126.315
MinimumVisualStudioVersion = 10.0.40219.1
Project("{FAE04EC0-301F-11D3-BF4B-00C04F79EFBC}") = "OrdersLibrary", "OrdersLibrary\OrdersLibrary.csproj", "{B9FC96AE-D73A-44E0-94C4-52DA7E07B212}"
EndProject
Project("{FAE04EC0-301F-11D3-BF4B-00C04F79EFBC}") = "OrdersUI", "OrdersUI\OrdersUI.csproj", "{8B378104-DDF4-4CFB-9DB1-C6E7DEF9F926}"
EndProject
Global
	GlobalSection(SolutionConfigurationPlatforms) = preSolution
		Debug|Any CPU = Debug|Any CPU
		Release|Any CPU = Release|Any CPU
	EndGlobalSection
	GlobalSection(ProjectConfigurationPlatforms) = postSolution
		{B9FC96AE-D73A-44E0-94C4-52DA7E07B212}.Debug|Any CPU.ActiveCfg = Debug|Any CPU
		{B9FC96AE-D73A-44E0-94C4-52DA7E07B212}.Debug|Any CPU.Build.0 = Debug|Any CPU
		{B9FC96AE-D73A-44E0-94C4-52DA7E07B212}.Release|Any CPU.ActiveCfg = Release|Any CPU
		{B9FC96AE-D73A-44E0-94C4-52DA7E07B212}.Release|Any CPU.Build.0 = Release|Any CPU
		{8B378104-DDF4-4CFB-9DB1-C6E7DEF9F926}.Debug|Any CPU.ActiveCfg = Debug|Any CPU
		{8B378104-DDF4-4CFB-9DB1-C6E7DEF9F926}.Debug|Any CPU.Build.0 = Debug|Any CPU
		{8B378104-DDF4-4CFB-9DB1-C6E7DEF9F926}.Release|Any CPU.ActiveCfg = Release|Any CPU
		{8B378104-DDF4-4CFB-9DB1-C6E7DEF9F926}.Release|Any CPU.Build.0 = Release|Any CPU
	EndGlobalSection
	GlobalSection(SolutionProperties) = preSolution
		HideSolutionNode = FALSE
	EndGlobalSection
	GlobalSection(ExtensibilityGlobals) = postSolution
		SolutionGuid = {51BF07C0-B65C-4D34-9CA2-A09A8615291A}
	EndGlobalSection
EndGlobal
