
Microsoft Visual Studio Solution File, Format Version 12.00
# Visual Studio Version 17
VisualStudioVersion = 17.1.32319.34
MinimumVisualStudioVersion = 10.0.40219.1
Project("{FAE04EC0-301F-11D3-BF4B-00C04F79EFBC}") = "SchoolManagementSystem.Presentation", "SchoolManagementSystem.Presentation\SchoolManagementSystem.Presentation.csproj", "{70997B9F-BF9F-44E3-8373-BE5E659DD190}"
EndProject
Project("{FAE04EC0-301F-11D3-BF4B-00C04F79EFBC}") = "SchoolManagementSystem.Business", "SchoolManagementSystem.Business\SchoolManagementSystem.Business.csproj", "{037E8F45-C82F-49A8-A280-61864299DCE1}"
EndProject
Project("{FAE04EC0-301F-11D3-BF4B-00C04F79EFBC}") = "SchoolManagementSystem.DataAccess", "SchoolManagementSystem.DataAccess\SchoolManagementSystem.DataAccess.csproj", "{C7E0DD71-1833-4A77-A719-6B0C78C150A2}"
EndProject
Global
	GlobalSection(SolutionConfigurationPlatforms) = preSolution
		Debug|Any CPU = Debug|Any CPU
		Release|Any CPU = Release|Any CPU
	EndGlobalSection
	GlobalSection(ProjectConfigurationPlatforms) = postSolution
		{70997B9F-BF9F-44E3-8373-BE5E659DD190}.Debug|Any CPU.ActiveCfg = Debug|Any CPU
		{70997B9F-BF9F-44E3-8373-BE5E659DD190}.Debug|Any CPU.Build.0 = Debug|Any CPU
		{70997B9F-BF9F-44E3-8373-BE5E659DD190}.Release|Any CPU.ActiveCfg = Release|Any CPU
		{70997B9F-BF9F-44E3-8373-BE5E659DD190}.Release|Any CPU.Build.0 = Release|Any CPU
		{037E8F45-C82F-49A8-A280-61864299DCE1}.Debug|Any CPU.ActiveCfg = Debug|Any CPU
		{037E8F45-C82F-49A8-A280-61864299DCE1}.Debug|Any CPU.Build.0 = Debug|Any CPU
		{037E8F45-C82F-49A8-A280-61864299DCE1}.Release|Any CPU.ActiveCfg = Release|Any CPU
		{037E8F45-C82F-49A8-A280-61864299DCE1}.Release|Any CPU.Build.0 = Release|Any CPU
		{C7E0DD71-1833-4A77-A719-6B0C78C150A2}.Debug|Any CPU.ActiveCfg = Debug|Any CPU
		{C7E0DD71-1833-4A77-A719-6B0C78C150A2}.Debug|Any CPU.Build.0 = Debug|Any CPU
		{C7E0DD71-1833-4A77-A719-6B0C78C150A2}.Release|Any CPU.ActiveCfg = Release|Any CPU
		{C7E0DD71-1833-4A77-A719-6B0C78C150A2}.Release|Any CPU.Build.0 = Release|Any CPU
	EndGlobalSection
	GlobalSection(SolutionProperties) = preSolution
		HideSolutionNode = FALSE
	EndGlobalSection
	GlobalSection(ExtensibilityGlobals) = postSolution
		SolutionGuid = {D8E18846-FCD1-4CD9-8022-21388302B30B}
	EndGlobalSection
EndGlobal
