
Microsoft Visual Studio Solution File, Format Version 12.00
# Visual Studio Version 16
VisualStudioVersion = 16.0.32228.343
MinimumVisualStudioVersion = 10.0.40219.1
Project("{FAE04EC0-301F-11D3-BF4B-00C04F79EFBC}") = "HotelManagementSystemUI", "HotelManagementSystemUI\HotelManagementSystemUI.csproj", "{C30A7DD9-386D-45C0-A4F1-0255AC3D7826}"
EndProject
Global
	GlobalSection(SolutionConfigurationPlatforms) = preSolution
		Debug|Any CPU = Debug|Any CPU
		Release|Any CPU = Release|Any CPU
	EndGlobalSection
	GlobalSection(ProjectConfigurationPlatforms) = postSolution
		{C30A7DD9-386D-45C0-A4F1-0255AC3D7826}.Debug|Any CPU.ActiveCfg = Debug|Any CPU
		{C30A7DD9-386D-45C0-A4F1-0255AC3D7826}.Debug|Any CPU.Build.0 = Debug|Any CPU
		{C30A7DD9-386D-45C0-A4F1-0255AC3D7826}.Release|Any CPU.ActiveCfg = Release|Any CPU
		{C30A7DD9-386D-45C0-A4F1-0255AC3D7826}.Release|Any CPU.Build.0 = Release|Any CPU
	EndGlobalSection
	GlobalSection(SolutionProperties) = preSolution
		HideSolutionNode = FALSE
	EndGlobalSection
	GlobalSection(ExtensibilityGlobals) = postSolution
		SolutionGuid = {1BBF77F2-FF1C-4A08-90BD-2B48B602E413}
	EndGlobalSection
EndGlobal
