
Microsoft Visual Studio Solution File, Format Version 12.00
# Visual Studio Version 17
VisualStudioVersion = 17.1.32319.34
MinimumVisualStudioVersion = 10.0.40219.1
Project("{FAE04EC0-301F-11D3-BF4B-00C04F79EFBC}") = "RegasireaInformatiei", "RegasireaInformatiei\RegasireaInformatiei.csproj", "{A8DE0C08-1F38-4832-96FF-FB6A4EF58D0D}"
EndProject
Global
	GlobalSection(SolutionConfigurationPlatforms) = preSolution
		Debug|Any CPU = Debug|Any CPU
		Release|Any CPU = Release|Any CPU
	EndGlobalSection
	GlobalSection(ProjectConfigurationPlatforms) = postSolution
		{A8DE0C08-1F38-4832-96FF-FB6A4EF58D0D}.Debug|Any CPU.ActiveCfg = Debug|Any CPU
		{A8DE0C08-1F38-4832-96FF-FB6A4EF58D0D}.Debug|Any CPU.Build.0 = Debug|Any CPU
		{A8DE0C08-1F38-4832-96FF-FB6A4EF58D0D}.Release|Any CPU.ActiveCfg = Release|Any CPU
		{A8DE0C08-1F38-4832-96FF-FB6A4EF58D0D}.Release|Any CPU.Build.0 = Release|Any CPU
	EndGlobalSection
	GlobalSection(SolutionProperties) = preSolution
		HideSolutionNode = FALSE
	EndGlobalSection
	GlobalSection(ExtensibilityGlobals) = postSolution
		SolutionGuid = {63C00FE6-295C-44D6-821B-6EB5D6A814CA}
	EndGlobalSection
EndGlobal
