
Microsoft Visual Studio Solution File, Format Version 12.00
# Visual Studio Version 16
VisualStudioVersion = 16.0.32126.315
MinimumVisualStudioVersion = 10.0.40219.1
Project("{FAE04EC0-301F-11D3-BF4B-00C04F79EFBC}") = "Regasirea Informatiei", "Regasirea Informatiei\Regasirea Informatiei.csproj", "{C28500C4-2909-49E4-A6A7-3DE6813479F9}"
EndProject
Global
	GlobalSection(SolutionConfigurationPlatforms) = preSolution
		Debug|Any CPU = Debug|Any CPU
		Release|Any CPU = Release|Any CPU
	EndGlobalSection
	GlobalSection(ProjectConfigurationPlatforms) = postSolution
		{C28500C4-2909-49E4-A6A7-3DE6813479F9}.Debug|Any CPU.ActiveCfg = Debug|Any CPU
		{C28500C4-2909-49E4-A6A7-3DE6813479F9}.Debug|Any CPU.Build.0 = Debug|Any CPU
		{C28500C4-2909-49E4-A6A7-3DE6813479F9}.Release|Any CPU.ActiveCfg = Release|Any CPU
		{C28500C4-2909-49E4-A6A7-3DE6813479F9}.Release|Any CPU.Build.0 = Release|Any CPU
	EndGlobalSection
	GlobalSection(SolutionProperties) = preSolution
		HideSolutionNode = FALSE
	EndGlobalSection
	GlobalSection(ExtensibilityGlobals) = postSolution
		SolutionGuid = {87A6D98E-CD5A-448F-A07E-6DCA07277E05}
	EndGlobalSection
EndGlobal
