
Microsoft Visual Studio Solution File, Format Version 12.00
# Visual Studio Version 16
VisualStudioVersion = 16.0.32228.343
MinimumVisualStudioVersion = 10.0.40219.1
Project("{FAE04EC0-301F-11D3-BF4B-00C04F79EFBC}") = "Tic-Tac-Toe", "Tic-Tac-Toe\Tic-Tac-Toe.csproj", "{045B5AB6-31D3-48EA-9835-AC747E7EEC04}"
EndProject
Global
	GlobalSection(SolutionConfigurationPlatforms) = preSolution
		Debug|Any CPU = Debug|Any CPU
		Release|Any CPU = Release|Any CPU
	EndGlobalSection
	GlobalSection(ProjectConfigurationPlatforms) = postSolution
		{045B5AB6-31D3-48EA-9835-AC747E7EEC04}.Debug|Any CPU.ActiveCfg = Debug|Any CPU
		{045B5AB6-31D3-48EA-9835-AC747E7EEC04}.Debug|Any CPU.Build.0 = Debug|Any CPU
		{045B5AB6-31D3-48EA-9835-AC747E7EEC04}.Release|Any CPU.ActiveCfg = Release|Any CPU
		{045B5AB6-31D3-48EA-9835-AC747E7EEC04}.Release|Any CPU.Build.0 = Release|Any CPU
	EndGlobalSection
	GlobalSection(SolutionProperties) = preSolution
		HideSolutionNode = FALSE
	EndGlobalSection
	GlobalSection(ExtensibilityGlobals) = postSolution
		SolutionGuid = {847F9562-052A-48A8-AF1E-1585C02268D8}
	EndGlobalSection
EndGlobal
