
Microsoft Visual Studio Solution File, Format Version 12.00
# Visual Studio Version 16
VisualStudioVersion = 16.0.32126.315
MinimumVisualStudioVersion = 10.0.40219.1
Project("{FAE04EC0-301F-11D3-BF4B-00C04F79EFBC}") = "Tic-Tac-Toe Game", "Tic-Tac-Toe Game\Tic-Tac-Toe Game.csproj", "{871F7C8E-50E4-4524-8550-062983CC4E07}"
EndProject
Global
	GlobalSection(SolutionConfigurationPlatforms) = preSolution
		Debug|Any CPU = Debug|Any CPU
		Release|Any CPU = Release|Any CPU
	EndGlobalSection
	GlobalSection(ProjectConfigurationPlatforms) = postSolution
		{871F7C8E-50E4-4524-8550-062983CC4E07}.Debug|Any CPU.ActiveCfg = Debug|Any CPU
		{871F7C8E-50E4-4524-8550-062983CC4E07}.Debug|Any CPU.Build.0 = Debug|Any CPU
		{871F7C8E-50E4-4524-8550-062983CC4E07}.Release|Any CPU.ActiveCfg = Release|Any CPU
		{871F7C8E-50E4-4524-8550-062983CC4E07}.Release|Any CPU.Build.0 = Release|Any CPU
	EndGlobalSection
	GlobalSection(SolutionProperties) = preSolution
		HideSolutionNode = FALSE
	EndGlobalSection
	GlobalSection(ExtensibilityGlobals) = postSolution
		SolutionGuid = {42CFDFCA-3559-430A-B963-71F142FD4BB0}
	EndGlobalSection
EndGlobal
