
Microsoft Visual Studio Solution File, Format Version 12.00
# Visual Studio Version 16
VisualStudioVersion = 16.0.32228.343
MinimumVisualStudioVersion = 10.0.40219.1
Project("{FAE04EC0-301F-11D3-BF4B-00C04F79EFBC}") = "HotelManagementSystem.DataAccess", "HotelManagementSystem.DataAccess\HotelManagementSystem.DataAccess.csproj", "{E5AB1842-71DC-4405-9B4F-5EF790C63A88}"
EndProject
Project("{FAE04EC0-301F-11D3-BF4B-00C04F79EFBC}") = "HotelManagementSystem.Business", "HotelManagementSystem.Business\HotelManagementSystem.Business.csproj", "{171560E9-AB2B-452D-B4EA-1BEC17E50D28}"
EndProject
Project("{FAE04EC0-301F-11D3-BF4B-00C04F79EFBC}") = "HotelManagementSystem.Presentation", "HotelManagementSystem.Presentation\HotelManagementSystem.Presentation.csproj", "{74DFAC37-C92B-4662-BF07-42C55F1AA967}"
EndProject
Project("{FAE04EC0-301F-11D3-BF4B-00C04F79EFBC}") = "HotelManagementSystem.Models", "HotelManagementSystem.Models\HotelManagementSystem.Models.csproj", "{E8C1A477-FFF4-4A07-855F-B34304729B44}"
EndProject
Project("{FAE04EC0-301F-11D3-BF4B-00C04F79EFBC}") = "HotelManagementSystem.Tests", "HotelManagementSystem.Tests\HotelManagementSystem.Tests.csproj", "{F6CA1FDA-8D95-4F65-9567-8A03CA1782C7}"
EndProject
Global
	GlobalSection(SolutionConfigurationPlatforms) = preSolution
		Debug|Any CPU = Debug|Any CPU
		Release|Any CPU = Release|Any CPU
	EndGlobalSection
	GlobalSection(ProjectConfigurationPlatforms) = postSolution
		{E5AB1842-71DC-4405-9B4F-5EF790C63A88}.Debug|Any CPU.ActiveCfg = Debug|Any CPU
		{E5AB1842-71DC-4405-9B4F-5EF790C63A88}.Debug|Any CPU.Build.0 = Debug|Any CPU
		{E5AB1842-71DC-4405-9B4F-5EF790C63A88}.Release|Any CPU.ActiveCfg = Release|Any CPU
		{E5AB1842-71DC-4405-9B4F-5EF790C63A88}.Release|Any CPU.Build.0 = Release|Any CPU
		{171560E9-AB2B-452D-B4EA-1BEC17E50D28}.Debug|Any CPU.ActiveCfg = Debug|Any CPU
		{171560E9-AB2B-452D-B4EA-1BEC17E50D28}.Debug|Any CPU.Build.0 = Debug|Any CPU
		{171560E9-AB2B-452D-B4EA-1BEC17E50D28}.Release|Any CPU.ActiveCfg = Release|Any CPU
		{171560E9-AB2B-452D-B4EA-1BEC17E50D28}.Release|Any CPU.Build.0 = Release|Any CPU
		{74DFAC37-C92B-4662-BF07-42C55F1AA967}.Debug|Any CPU.ActiveCfg = Debug|Any CPU
		{74DFAC37-C92B-4662-BF07-42C55F1AA967}.Debug|Any CPU.Build.0 = Debug|Any CPU
		{74DFAC37-C92B-4662-BF07-42C55F1AA967}.Release|Any CPU.ActiveCfg = Release|Any CPU
		{74DFAC37-C92B-4662-BF07-42C55F1AA967}.Release|Any CPU.Build.0 = Release|Any CPU
		{E8C1A477-FFF4-4A07-855F-B34304729B44}.Debug|Any CPU.ActiveCfg = Debug|Any CPU
		{E8C1A477-FFF4-4A07-855F-B34304729B44}.Debug|Any CPU.Build.0 = Debug|Any CPU
		{E8C1A477-FFF4-4A07-855F-B34304729B44}.Release|Any CPU.ActiveCfg = Release|Any CPU
		{E8C1A477-FFF4-4A07-855F-B34304729B44}.Release|Any CPU.Build.0 = Release|Any CPU
		{F6CA1FDA-8D95-4F65-9567-8A03CA1782C7}.Debug|Any CPU.ActiveCfg = Debug|Any CPU
		{F6CA1FDA-8D95-4F65-9567-8A03CA1782C7}.Debug|Any CPU.Build.0 = Debug|Any CPU
		{F6CA1FDA-8D95-4F65-9567-8A03CA1782C7}.Release|Any CPU.ActiveCfg = Release|Any CPU
		{F6CA1FDA-8D95-4F65-9567-8A03CA1782C7}.Release|Any CPU.Build.0 = Release|Any CPU
	EndGlobalSection
	GlobalSection(SolutionProperties) = preSolution
		HideSolutionNode = FALSE
	EndGlobalSection
	GlobalSection(ExtensibilityGlobals) = postSolution
		SolutionGuid = {E0B19D4D-55E0-469C-B53B-EFF02DEAA29C}
	EndGlobalSection
EndGlobal
